
Microsoft Visual Studio Solution File, Format Version 12.00
# Visual Studio 15
VisualStudioVersion = 15.0.28010.2050
MinimumVisualStudioVersion = 10.0.40219.1
Project("{9A19103F-16F7-4668-BE54-9A1E7A4F7556}") = "Degree Planner", "Degree Planner\Degree Planner.csproj", "{BDAF6925-5A05-4855-B644-FEB5247829C1}"
EndProject
Global
	GlobalSection(SolutionConfigurationPlatforms) = preSolution
		Debug|Any CPU = Debug|Any CPU
		Release|Any CPU = Release|Any CPU
	EndGlobalSection
	GlobalSection(ProjectConfigurationPlatforms) = postSolution
		{BDAF6925-5A05-4855-B644-FEB5247829C1}.Debug|Any CPU.ActiveCfg = Debug|Any CPU
		{BDAF6925-5A05-4855-B644-FEB5247829C1}.Debug|Any CPU.Build.0 = Debug|Any CPU
		{BDAF6925-5A05-4855-B644-FEB5247829C1}.Release|Any CPU.ActiveCfg = Release|Any CPU
		{BDAF6925-5A05-4855-B644-FEB5247829C1}.Release|Any CPU.Build.0 = Release|Any CPU
	EndGlobalSection
	GlobalSection(SolutionProperties) = preSolution
		HideSolutionNode = FALSE
	EndGlobalSection
	GlobalSection(ExtensibilityGlobals) = postSolution
		SolutionGuid = {DE27E7F9-A70D-4F50-B438-C8147F92A2DE}
	EndGlobalSection
EndGlobal
